
Microsoft Visual Studio Solution File, Format Version 12.00
# Visual Studio 14
VisualStudioVersion = 14.0.25420.1
MinimumVisualStudioVersion = 10.0.40219.1
Project("{5697748A-77EF-44CA-8824-4F5637E5945B}") = "Wolfhud4vslua", "Wolfhud4vslua.luaproj", "{E439935D-B2A2-46AE-856D-2AA408428F33}"
EndProject
Global
	GlobalSection(SolutionConfigurationPlatforms) = preSolution
		Debug|Any CPU = Debug|Any CPU
		Release|Any CPU = Release|Any CPU
	EndGlobalSection
	GlobalSection(ProjectConfigurationPlatforms) = postSolution
		{E439935D-B2A2-46AE-856D-2AA408428F33}.Debug|Any CPU.ActiveCfg = Debug|Any CPU
		{E439935D-B2A2-46AE-856D-2AA408428F33}.Debug|Any CPU.Build.0 = Debug|Any CPU
		{E439935D-B2A2-46AE-856D-2AA408428F33}.Release|Any CPU.ActiveCfg = Release|Any CPU
		{E439935D-B2A2-46AE-856D-2AA408428F33}.Release|Any CPU.Build.0 = Release|Any CPU
	EndGlobalSection
	GlobalSection(SolutionProperties) = preSolution
		HideSolutionNode = FALSE
	EndGlobalSection
EndGlobal
